
Microsoft Visual Studio Solution File, Format Version 12.00
# Visual Studio Version 17
VisualStudioVersion = 17.7.34202.233
MinimumVisualStudioVersion = 10.0.40219.1
Project("{8BC9CEB8-8B4A-11D0-8D11-00A0C91BC942}") = "dynamic_arr_ptr", "dynamic_arr_ptr.vcxproj", "{783C4FD0-1F2D-48DC-B7C2-A59CE496437A}"
EndProject
Global
	GlobalSection(SolutionConfigurationPlatforms) = preSolution
		Debug|x64 = Debug|x64
		Debug|x86 = Debug|x86
		Release|x64 = Release|x64
		Release|x86 = Release|x86
	EndGlobalSection
	GlobalSection(ProjectConfigurationPlatforms) = postSolution
		{783C4FD0-1F2D-48DC-B7C2-A59CE496437A}.Debug|x64.ActiveCfg = Debug|x64
		{783C4FD0-1F2D-48DC-B7C2-A59CE496437A}.Debug|x64.Build.0 = Debug|x64
		{783C4FD0-1F2D-48DC-B7C2-A59CE496437A}.Debug|x86.ActiveCfg = Debug|Win32
		{783C4FD0-1F2D-48DC-B7C2-A59CE496437A}.Debug|x86.Build.0 = Debug|Win32
		{783C4FD0-1F2D-48DC-B7C2-A59CE496437A}.Release|x64.ActiveCfg = Release|x64
		{783C4FD0-1F2D-48DC-B7C2-A59CE496437A}.Release|x64.Build.0 = Release|x64
		{783C4FD0-1F2D-48DC-B7C2-A59CE496437A}.Release|x86.ActiveCfg = Release|Win32
		{783C4FD0-1F2D-48DC-B7C2-A59CE496437A}.Release|x86.Build.0 = Release|Win32
	EndGlobalSection
	GlobalSection(SolutionProperties) = preSolution
		HideSolutionNode = FALSE
	EndGlobalSection
	GlobalSection(ExtensibilityGlobals) = postSolution
		SolutionGuid = {6C9A7A5A-EA0D-479F-ADBC-E322956FEFA4}
	EndGlobalSection
EndGlobal
